<?xml version="1.0" encoding="utf-8"?>
<Project ToolsVersion="4.0" xmlns="http://schemas.microsoft.com/developer/msbuild/2003">
  <ItemGroup>
    <ClCompile Include="sources\main.cpp" />
    <ClCompile Include="sources\Andrzej\Animation.cpp" />
    <ClCompile Include="sources\Andrzej\Collision.cpp" />
    <ClCompile Include="sources\Andrzej\Enemy.cpp" />
    <ClCompile Include="sources\Andrzej\Player.cpp" />
    <ClCompile Include="sources\Andrzej\PlayerAnimation.cpp" />
    <ClCompile Include="sources\Andrzej\World.cpp" />
    <ClCompile Include="sources\Antoni\MandelViewer.cpp" />
    <ClCompile Include="sources\Antoni\FractalChart.cpp" />
    <ClCompile Include="sources\Antoni\ExpRenderTexture.cpp" />
    <ClCompile Include="sources\Antoni\FractalCollision.cpp" />
    <ClCompile Include="sources\Sebastian\AssetManager.cpp" />
    <ClCompile Include="sources\Sebastian\Game.cpp" />
    <ClCompile Include="sources\Sebastian\GameState.cpp" />
    <ClCompile Include="sources\Sebastian\InputManager.cpp" />
    <ClCompile Include="sources\Sebastian\MainMenuState.cpp" />
    <ClCompile Include="sources\Sebastian\PauseState.cpp" />
    <ClCompile Include="sources\Sebastian\SplashState.cpp" />
    <ClCompile Include="sources\Sebastian\StateMachine.cpp" />
    <ClCompile Include="sources\gameScene.cpp" />
    <ClCompile Include="sources\menuScene.cpp" />
    <ClCompile Include="sources\pauseScene.cpp" />
    <ClCompile Include="sources\scenes.cpp" />
    <ClCompile Include="sources\Andrzej\EnemyControl.cpp" />
    <ClCompile Include="sources\Andrzej\Music.cpp" />
  </ItemGroup>
  <ItemGroup>
    <ClInclude Include="headers\Andrzej\Animation.h" />
    <ClInclude Include="headers\Andrzej\Collision.h" />
    <ClInclude Include="headers\Andrzej\Enemy.h" />
    <ClInclude Include="headers\Andrzej\Player.h" />
    <ClInclude Include="headers\Andrzej\PlayerAnimation.h" />
    <ClInclude Include="headers\Andrzej\World.h" />
    <ClInclude Include="headers\Antoni\ExpRenderTexture.h" />
    <ClInclude Include="headers\Antoni\FractalChart.h" />
    <ClInclude Include="headers\Antoni\MandelViewer.h" />
    <ClInclude Include="headers\Antoni\FractalCollision.h" />
    <ClInclude Include="headers\Sebastian\AssetManager.hpp" />
    <ClInclude Include="headers\Sebastian\DEFINITIONS.hpp" />
    <ClInclude Include="headers\Sebastian\Game.hpp" />
    <ClInclude Include="headers\Sebastian\GameState.hpp" />
    <ClInclude Include="headers\Sebastian\InputManager.hpp" />
    <ClInclude Include="headers\Sebastian\MainMenuState.hpp" />
    <ClInclude Include="headers\Sebastian\PauseState.hpp" />
    <ClInclude Include="headers\Sebastian\SplashState.hpp" />
    <ClInclude Include="headers\Sebastian\State.hpp" />
    <ClInclude Include="headers\Sebastian\StateMachine.hpp" />
    <ClInclude Include="headers\scenes.h" />
    <ClInclude Include="headers\Andrzej\Music.h" />
    <ClInclude Include="headers\Andrzej\EnemyControl.h" />
  </ItemGroup>
</Project>